github.com/davidramos-om/go_calc_package v1.0.0 h1:Cx/TQFAPlfmK3iBmFsh3q4V0LmIvtRUCYPt7qgWXeMA=
github.com/davidramos-om/go_calc_package v1.0.0/go.mod h1:AOKEsKVZAa2+BteLSh4uEVysOrnSfJqjpjzlPOwn4Uc=
github.com/davidramos-om/go_calc_package v1.0.1 h1:OebPtZcQDRlMdvivaIt1alK/fm3awUNkPIxtoNm+PXE=
github.com/davidramos-om/go_calc_package v1.0.1/go.mod h1:AOKEsKVZAa2+BteLSh4uEVysOrnSfJqjpjzlPOwn4Uc=
